
Microsoft Visual Studio Solution File, Format Version 12.00
# Visual Studio 15
VisualStudioVersion = 15.0.28307.1022
MinimumVisualStudioVersion = 10.0.40219.1
Project("{FAE04EC0-301F-11D3-BF4B-00C04F79EFBC}") = "PLC", "PLC\PLC.csproj", "{6A432536-0DB3-48FB-90C5-936939361C3C}"
EndProject
Project("{FAE04EC0-301F-11D3-BF4B-00C04F79EFBC}") = "Test", "Test\Test.csproj", "{75CABC46-4BB6-4729-A175-7BFA8FC08CD6}"
EndProject
Global
	GlobalSection(SolutionConfigurationPlatforms) = preSolution
		Debug|Any CPU = Debug|Any CPU
		Release|Any CPU = Release|Any CPU
	EndGlobalSection
	GlobalSection(ProjectConfigurationPlatforms) = postSolution
		{6A432536-0DB3-48FB-90C5-936939361C3C}.Debug|Any CPU.ActiveCfg = Debug|Any CPU
		{6A432536-0DB3-48FB-90C5-936939361C3C}.Debug|Any CPU.Build.0 = Debug|Any CPU
		{6A432536-0DB3-48FB-90C5-936939361C3C}.Release|Any CPU.ActiveCfg = Release|Any CPU
		{6A432536-0DB3-48FB-90C5-936939361C3C}.Release|Any CPU.Build.0 = Release|Any CPU
		{75CABC46-4BB6-4729-A175-7BFA8FC08CD6}.Debug|Any CPU.ActiveCfg = Debug|Any CPU
		{75CABC46-4BB6-4729-A175-7BFA8FC08CD6}.Debug|Any CPU.Build.0 = Debug|Any CPU
		{75CABC46-4BB6-4729-A175-7BFA8FC08CD6}.Release|Any CPU.ActiveCfg = Release|Any CPU
		{75CABC46-4BB6-4729-A175-7BFA8FC08CD6}.Release|Any CPU.Build.0 = Release|Any CPU
	EndGlobalSection
	GlobalSection(SolutionProperties) = preSolution
		HideSolutionNode = FALSE
	EndGlobalSection
	GlobalSection(ExtensibilityGlobals) = postSolution
		SolutionGuid = {F8046BC5-CAFF-4504-AE68-F8AD8B04D6EA}
	EndGlobalSection
EndGlobal
